
Microsoft Visual Studio Solution File, Format Version 12.00
# Visual Studio Version 16
VisualStudioVersion = 16.0.31005.135
MinimumVisualStudioVersion = 10.0.40219.1
Project("{FAE04EC0-301F-11D3-BF4B-00C04F79EFBC}") = "WebApplication_practice4", "WebApplication_practice4\WebApplication_practice4.csproj", "{F45DC00D-C43A-45AB-B845-3D7E14FD4F16}"
EndProject
Global
	GlobalSection(SolutionConfigurationPlatforms) = preSolution
		Debug|Any CPU = Debug|Any CPU
		Release|Any CPU = Release|Any CPU
	EndGlobalSection
	GlobalSection(ProjectConfigurationPlatforms) = postSolution
		{F45DC00D-C43A-45AB-B845-3D7E14FD4F16}.Debug|Any CPU.ActiveCfg = Debug|Any CPU
		{F45DC00D-C43A-45AB-B845-3D7E14FD4F16}.Debug|Any CPU.Build.0 = Debug|Any CPU
		{F45DC00D-C43A-45AB-B845-3D7E14FD4F16}.Release|Any CPU.ActiveCfg = Release|Any CPU
		{F45DC00D-C43A-45AB-B845-3D7E14FD4F16}.Release|Any CPU.Build.0 = Release|Any CPU
	EndGlobalSection
	GlobalSection(SolutionProperties) = preSolution
		HideSolutionNode = FALSE
	EndGlobalSection
	GlobalSection(ExtensibilityGlobals) = postSolution
		SolutionGuid = {A5A558A9-FE28-4284-B1C8-6D83579DF6E1}
	EndGlobalSection
EndGlobal
